<?xml version="1.0" encoding="utf-8"?>
<Project ToolsVersion="17.0" xmlns="http://schemas.microsoft.com/developer/msbuild/2003">
  <ItemGroup>
    <ClCompile Include="E:\study\CSC8508\NCLCoreClasses\Assets.cpp">
      <Filter>Asset Handling</Filter>
    </ClCompile>
    <ClCompile Include="E:\study\CSC8508\NCLCoreClasses\SimpleFont.cpp">
      <Filter>Asset Handling</Filter>
    </ClCompile>
    <ClCompile Include="E:\study\CSC8508\NCLCoreClasses\TextureLoader.cpp">
      <Filter>Asset Handling</Filter>
    </ClCompile>
    <ClCompile Include="E:\study\CSC8508\NCLCoreClasses\TextureWriter.cpp">
      <Filter>Asset Handling</Filter>
    </ClCompile>
    <ClCompile Include="E:\study\CSC8508\NCLCoreClasses\Maths.cpp">
      <Filter>Maths</Filter>
    </ClCompile>
    <ClCompile Include="E:\study\CSC8508\NCLCoreClasses\Matrix2.cpp">
      <Filter>Maths</Filter>
    </ClCompile>
    <ClCompile Include="E:\study\CSC8508\NCLCoreClasses\Matrix3.cpp">
      <Filter>Maths</Filter>
    </ClCompile>
    <ClCompile Include="E:\study\CSC8508\NCLCoreClasses\Matrix4.cpp">
      <Filter>Maths</Filter>
    </ClCompile>
    <ClCompile Include="E:\study\CSC8508\NCLCoreClasses\Plane.cpp">
      <Filter>Maths</Filter>
    </ClCompile>
    <ClCompile Include="E:\study\CSC8508\NCLCoreClasses\Quaternion.cpp">
      <Filter>Maths</Filter>
    </ClCompile>
    <ClCompile Include="E:\study\CSC8508\NCLCoreClasses\Vector2.cpp">
      <Filter>Maths</Filter>
    </ClCompile>
    <ClCompile Include="E:\study\CSC8508\NCLCoreClasses\Vector3.cpp">
      <Filter>Maths</Filter>
    </ClCompile>
    <ClCompile Include="E:\study\CSC8508\NCLCoreClasses\Vector4.cpp">
      <Filter>Maths</Filter>
    </ClCompile>
    <ClCompile Include="E:\study\CSC8508\NCLCoreClasses\FrameBuffer.cpp">
      <Filter>Rendering</Filter>
    </ClCompile>
    <ClCompile Include="E:\study\CSC8508\NCLCoreClasses\MeshAnimation.cpp">
      <Filter>Rendering</Filter>
    </ClCompile>
    <ClCompile Include="E:\study\CSC8508\NCLCoreClasses\MeshGeometry.cpp">
      <Filter>Rendering</Filter>
    </ClCompile>
    <ClCompile Include="E:\study\CSC8508\NCLCoreClasses\MeshMaterial.cpp">
      <Filter>Rendering</Filter>
    </ClCompile>
    <ClCompile Include="E:\study\CSC8508\NCLCoreClasses\RendererBase.cpp">
      <Filter>Rendering</Filter>
    </ClCompile>
    <ClCompile Include="E:\study\CSC8508\NCLCoreClasses\RenderPassBase.cpp">
      <Filter>Rendering</Filter>
    </ClCompile>
    <ClCompile Include="E:\study\CSC8508\NCLCoreClasses\ShaderBase.cpp">
      <Filter>Rendering</Filter>
    </ClCompile>
    <ClCompile Include="E:\study\CSC8508\NCLCoreClasses\TextureBase.cpp">
      <Filter>Rendering</Filter>
    </ClCompile>
    <ClCompile Include="E:\study\CSC8508\NCLCoreClasses\Camera.cpp">
      <Filter>Source Files</Filter>
    </ClCompile>
    <ClCompile Include="E:\study\CSC8508\NCLCoreClasses\GameTimer.cpp">
      <Filter>Windowing and Input</Filter>
    </ClCompile>
    <ClCompile Include="E:\study\CSC8508\NCLCoreClasses\Keyboard.cpp">
      <Filter>Windowing and Input</Filter>
    </ClCompile>
    <ClCompile Include="E:\study\CSC8508\NCLCoreClasses\Mouse.cpp">
      <Filter>Windowing and Input</Filter>
    </ClCompile>
    <ClCompile Include="E:\study\CSC8508\NCLCoreClasses\Window.cpp">
      <Filter>Windowing and Input</Filter>
    </ClCompile>
    <ClCompile Include="E:\study\CSC8508\NCLCoreClasses\Win32Keyboard.cpp">
      <Filter>Windowing and Input\Win32</Filter>
    </ClCompile>
    <ClCompile Include="E:\study\CSC8508\NCLCoreClasses\Win32Mouse.cpp">
      <Filter>Windowing and Input\Win32</Filter>
    </ClCompile>
    <ClCompile Include="E:\study\CSC8508\NCLCoreClasses\Win32Window.cpp">
      <Filter>Windowing and Input\Win32</Filter>
    </ClCompile>
  </ItemGroup>
  <ItemGroup>
    <ClInclude Include="E:\study\CSC8508\NCLCoreClasses\Assets.h">
      <Filter>Asset Handling</Filter>
    </ClInclude>
    <ClInclude Include="E:\study\CSC8508\NCLCoreClasses\SimpleFont.h">
      <Filter>Asset Handling</Filter>
    </ClInclude>
    <ClInclude Include="E:\study\CSC8508\NCLCoreClasses\TextureLoader.h">
      <Filter>Asset Handling</Filter>
    </ClInclude>
    <ClInclude Include="E:\study\CSC8508\NCLCoreClasses\TextureWriter.h">
      <Filter>Asset Handling</Filter>
    </ClInclude>
    <ClInclude Include="E:\study\CSC8508\NCLCoreClasses\Camera.h">
      <Filter>Header Files</Filter>
    </ClInclude>
    <ClInclude Include="E:\study\CSC8508\NCLCoreClasses\Maths.h">
      <Filter>Maths</Filter>
    </ClInclude>
    <ClInclude Include="E:\study\CSC8508\NCLCoreClasses\Matrix2.h">
      <Filter>Maths</Filter>
    </ClInclude>
    <ClInclude Include="E:\study\CSC8508\NCLCoreClasses\Matrix3.h">
      <Filter>Maths</Filter>
    </ClInclude>
    <ClInclude Include="E:\study\CSC8508\NCLCoreClasses\Matrix4.h">
      <Filter>Maths</Filter>
    </ClInclude>
    <ClInclude Include="E:\study\CSC8508\NCLCoreClasses\Plane.h">
      <Filter>Maths</Filter>
    </ClInclude>
    <ClInclude Include="E:\study\CSC8508\NCLCoreClasses\Quaternion.h">
      <Filter>Maths</Filter>
    </ClInclude>
    <ClInclude Include="E:\study\CSC8508\NCLCoreClasses\Vector2.h">
      <Filter>Maths</Filter>
    </ClInclude>
    <ClInclude Include="E:\study\CSC8508\NCLCoreClasses\Vector3.h">
      <Filter>Maths</Filter>
    </ClInclude>
    <ClInclude Include="E:\study\CSC8508\NCLCoreClasses\Vector4.h">
      <Filter>Maths</Filter>
    </ClInclude>
    <ClInclude Include="E:\study\CSC8508\NCLCoreClasses\IRenderPass.h">
      <Filter>Interfaces</Filter>
    </ClInclude>
    <ClInclude Include="E:\study\CSC8508\NCLCoreClasses\IMainRenderPass.h">
      <Filter>Interfaces</Filter>
    </ClInclude>
    <ClInclude Include="E:\study\CSC8508\NCLCoreClasses\ICombineRenderPass.h">
      <Filter>Interfaces</Filter>
    </ClInclude>
    <ClInclude Include="E:\study\CSC8508\NCLCoreClasses\IPostRenderPass.h">
      <Filter>Interfaces</Filter>
    </ClInclude>
    <ClInclude Include="E:\study\CSC8508\NCLCoreClasses\IPresentRenderPass.h">
      <Filter>Interfaces</Filter>
    </ClInclude>
    <ClInclude Include="E:\study\CSC8508\NCLCoreClasses\IOverlayRenderPass.h">
      <Filter>Interfaces</Filter>
    </ClInclude>
    <ClInclude Include="E:\study\CSC8508\NCLCoreClasses\FrameBuffer.h">
      <Filter>Rendering</Filter>
    </ClInclude>
    <ClInclude Include="E:\study\CSC8508\NCLCoreClasses\MeshAnimation.h">
      <Filter>Rendering</Filter>
    </ClInclude>
    <ClInclude Include="E:\study\CSC8508\NCLCoreClasses\MeshGeometry.h">
      <Filter>Rendering</Filter>
    </ClInclude>
    <ClInclude Include="E:\study\CSC8508\NCLCoreClasses\MeshMaterial.h">
      <Filter>Rendering</Filter>
    </ClInclude>
    <ClInclude Include="E:\study\CSC8508\NCLCoreClasses\RendererBase.h">
      <Filter>Rendering</Filter>
    </ClInclude>
    <ClInclude Include="E:\study\CSC8508\NCLCoreClasses\RenderPassBase.h">
      <Filter>Rendering</Filter>
    </ClInclude>
    <ClInclude Include="E:\study\CSC8508\NCLCoreClasses\ShaderBase.h">
      <Filter>Rendering</Filter>
    </ClInclude>
    <ClInclude Include="E:\study\CSC8508\NCLCoreClasses\TextureBase.h">
      <Filter>Rendering</Filter>
    </ClInclude>
    <ClInclude Include="E:\study\CSC8508\NCLCoreClasses\GameTimer.h">
      <Filter>Windowing and Input</Filter>
    </ClInclude>
    <ClInclude Include="E:\study\CSC8508\NCLCoreClasses\Keyboard.h">
      <Filter>Windowing and Input</Filter>
    </ClInclude>
    <ClInclude Include="E:\study\CSC8508\NCLCoreClasses\Mouse.h">
      <Filter>Windowing and Input</Filter>
    </ClInclude>
    <ClInclude Include="E:\study\CSC8508\NCLCoreClasses\Window.h">
      <Filter>Windowing and Input</Filter>
    </ClInclude>
    <ClInclude Include="E:\study\CSC8508\NCLCoreClasses\Win32Keyboard.h">
      <Filter>Windowing and Input\Win32</Filter>
    </ClInclude>
    <ClInclude Include="E:\study\CSC8508\NCLCoreClasses\Win32Mouse.h">
      <Filter>Windowing and Input\Win32</Filter>
    </ClInclude>
    <ClInclude Include="E:\study\CSC8508\NCLCoreClasses\Win32Window.h">
      <Filter>Windowing and Input\Win32</Filter>
    </ClInclude>
  </ItemGroup>
  <ItemGroup>
    <CustomBuild Include="E:\study\CSC8508\NCLCoreClasses\CMakeLists.txt" />
  </ItemGroup>
  <ItemGroup>
    <Filter Include="Asset Handling">
      <UniqueIdentifier>{2291A81C-7E27-3C51-AC11-C751B15EA88A}</UniqueIdentifier>
    </Filter>
    <Filter Include="Header Files">
      <UniqueIdentifier>{263BA810-71A5-3FBD-9EB1-6EC07DA44DF6}</UniqueIdentifier>
    </Filter>
    <Filter Include="Interfaces">
      <UniqueIdentifier>{C573F325-AE37-3325-A36E-228CA7107008}</UniqueIdentifier>
    </Filter>
    <Filter Include="Maths">
      <UniqueIdentifier>{C62D02F0-3F48-3014-BE7F-C510EB23724F}</UniqueIdentifier>
    </Filter>
    <Filter Include="Rendering">
      <UniqueIdentifier>{C88554D6-E22C-32A7-8758-AC241B61A74A}</UniqueIdentifier>
    </Filter>
    <Filter Include="Source Files">
      <UniqueIdentifier>{8EB7A974-15AF-353B-A5F3-7BE1965E564D}</UniqueIdentifier>
    </Filter>
    <Filter Include="Windowing and Input">
      <UniqueIdentifier>{B8468EBC-0A56-3838-B59F-07E4D1982057}</UniqueIdentifier>
    </Filter>
    <Filter Include="Windowing and Input\Win32">
      <UniqueIdentifier>{3550EE9B-9EAB-307D-8C9F-00D8412619C2}</UniqueIdentifier>
    </Filter>
  </ItemGroup>
</Project>
