
Microsoft Visual Studio Solution File, Format Version 12.00
# Visual Studio Version 17
Project("{2150E333-8FDC-42A3-9474-1A3956D46DE8}") = "CMakePredefinedTargets", "CMakePredefinedTargets", "{A3B0BB24-2FE2-38CC-AAB7-4A74C59DA7D3}"
EndProject
Project("{8BC9CEB8-8B4A-11D0-8D11-00A0C91BC942}") = "CSC8503", "CSC8503\CSC8503.vcxproj", "{6384C24C-BFAD-388A-8674-8391B49610C0}"
	ProjectSection(ProjectDependencies) = postProject
		{A9CDA792-F202-33C3-8513-BE058C4237A9} = {A9CDA792-F202-33C3-8513-BE058C4237A9}
		{BE191CD3-6459-3EBE-9693-0915E3129569} = {BE191CD3-6459-3EBE-9693-0915E3129569}
		{75313C1A-5383-39FF-B15C-9812023CB96D} = {75313C1A-5383-39FF-B15C-9812023CB96D}
		{70B5CA92-83AB-3513-BA49-8E13602E9F8B} = {70B5CA92-83AB-3513-BA49-8E13602E9F8B}
	EndProjectSection
EndProject
Project("{8BC9CEB8-8B4A-11D0-8D11-00A0C91BC942}") = "ALL_BUILD", "ALL_BUILD.vcxproj", "{F3476133-7D42-3460-A31C-037B76C94E17}"
	ProjectSection(ProjectDependencies) = postProject
		{6384C24C-BFAD-388A-8674-8391B49610C0} = {6384C24C-BFAD-388A-8674-8391B49610C0}
		{A9CDA792-F202-33C3-8513-BE058C4237A9} = {A9CDA792-F202-33C3-8513-BE058C4237A9}
		{BE191CD3-6459-3EBE-9693-0915E3129569} = {BE191CD3-6459-3EBE-9693-0915E3129569}
		{75313C1A-5383-39FF-B15C-9812023CB96D} = {75313C1A-5383-39FF-B15C-9812023CB96D}
		{70B5CA92-83AB-3513-BA49-8E13602E9F8B} = {70B5CA92-83AB-3513-BA49-8E13602E9F8B}
	EndProjectSection
EndProject
Project("{8BC9CEB8-8B4A-11D0-8D11-00A0C91BC942}") = "CSC8503CoreClasses", "CSC8503CoreClasses\CSC8503CoreClasses.vcxproj", "{A9CDA792-F202-33C3-8513-BE058C4237A9}"
	ProjectSection(ProjectDependencies) = postProject
		{70B5CA92-83AB-3513-BA49-8E13602E9F8B} = {70B5CA92-83AB-3513-BA49-8E13602E9F8B}
	EndProjectSection
EndProject
Project("{8BC9CEB8-8B4A-11D0-8D11-00A0C91BC942}") = "NCLCoreClasses", "NCLCoreClasses\NCLCoreClasses.vcxproj", "{BE191CD3-6459-3EBE-9693-0915E3129569}"
	ProjectSection(ProjectDependencies) = postProject
		{70B5CA92-83AB-3513-BA49-8E13602E9F8B} = {70B5CA92-83AB-3513-BA49-8E13602E9F8B}
	EndProjectSection
EndProject
Project("{8BC9CEB8-8B4A-11D0-8D11-00A0C91BC942}") = "OpenGLRendering", "OpenGLRendering\OpenGLRendering.vcxproj", "{75313C1A-5383-39FF-B15C-9812023CB96D}"
	ProjectSection(ProjectDependencies) = postProject
		{BE191CD3-6459-3EBE-9693-0915E3129569} = {BE191CD3-6459-3EBE-9693-0915E3129569}
		{70B5CA92-83AB-3513-BA49-8E13602E9F8B} = {70B5CA92-83AB-3513-BA49-8E13602E9F8B}
	EndProjectSection
EndProject
Project("{8BC9CEB8-8B4A-11D0-8D11-00A0C91BC942}") = "ZERO_CHECK", "ZERO_CHECK.vcxproj", "{70B5CA92-83AB-3513-BA49-8E13602E9F8B}"
	ProjectSection(ProjectDependencies) = postProject
	EndProjectSection
EndProject
Global
	GlobalSection(SolutionConfigurationPlatforms) = preSolution
		Debug|x64 = Debug|x64
		Release|x64 = Release|x64
	EndGlobalSection
	GlobalSection(ProjectConfigurationPlatforms) = postSolution
		{6384C24C-BFAD-388A-8674-8391B49610C0}.Debug|x64.ActiveCfg = Debug|x64
		{6384C24C-BFAD-388A-8674-8391B49610C0}.Debug|x64.Build.0 = Debug|x64
		{6384C24C-BFAD-388A-8674-8391B49610C0}.Release|x64.ActiveCfg = Release|x64
		{6384C24C-BFAD-388A-8674-8391B49610C0}.Release|x64.Build.0 = Release|x64
		{F3476133-7D42-3460-A31C-037B76C94E17}.Debug|x64.ActiveCfg = Debug|x64
		{F3476133-7D42-3460-A31C-037B76C94E17}.Release|x64.ActiveCfg = Release|x64
		{A9CDA792-F202-33C3-8513-BE058C4237A9}.Debug|x64.ActiveCfg = Debug|x64
		{A9CDA792-F202-33C3-8513-BE058C4237A9}.Debug|x64.Build.0 = Debug|x64
		{A9CDA792-F202-33C3-8513-BE058C4237A9}.Release|x64.ActiveCfg = Release|x64
		{A9CDA792-F202-33C3-8513-BE058C4237A9}.Release|x64.Build.0 = Release|x64
		{BE191CD3-6459-3EBE-9693-0915E3129569}.Debug|x64.ActiveCfg = Debug|x64
		{BE191CD3-6459-3EBE-9693-0915E3129569}.Debug|x64.Build.0 = Debug|x64
		{BE191CD3-6459-3EBE-9693-0915E3129569}.Release|x64.ActiveCfg = Release|x64
		{BE191CD3-6459-3EBE-9693-0915E3129569}.Release|x64.Build.0 = Release|x64
		{75313C1A-5383-39FF-B15C-9812023CB96D}.Debug|x64.ActiveCfg = Debug|x64
		{75313C1A-5383-39FF-B15C-9812023CB96D}.Debug|x64.Build.0 = Debug|x64
		{75313C1A-5383-39FF-B15C-9812023CB96D}.Release|x64.ActiveCfg = Release|x64
		{75313C1A-5383-39FF-B15C-9812023CB96D}.Release|x64.Build.0 = Release|x64
		{70B5CA92-83AB-3513-BA49-8E13602E9F8B}.Debug|x64.ActiveCfg = Debug|x64
		{70B5CA92-83AB-3513-BA49-8E13602E9F8B}.Debug|x64.Build.0 = Debug|x64
		{70B5CA92-83AB-3513-BA49-8E13602E9F8B}.Release|x64.ActiveCfg = Release|x64
		{70B5CA92-83AB-3513-BA49-8E13602E9F8B}.Release|x64.Build.0 = Release|x64
	EndGlobalSection
	GlobalSection(NestedProjects) = preSolution
		{F3476133-7D42-3460-A31C-037B76C94E17} = {A3B0BB24-2FE2-38CC-AAB7-4A74C59DA7D3}
		{70B5CA92-83AB-3513-BA49-8E13602E9F8B} = {A3B0BB24-2FE2-38CC-AAB7-4A74C59DA7D3}
	EndGlobalSection
	GlobalSection(ExtensibilityGlobals) = postSolution
		SolutionGuid = {F3364A76-D3DA-3B27-9B38-9940497DC586}
	EndGlobalSection
	GlobalSection(ExtensibilityAddIns) = postSolution
	EndGlobalSection
EndGlobal
