<?xml version="1.0" encoding="utf-8"?>
<Project ToolsVersion="17.0" xmlns="http://schemas.microsoft.com/developer/msbuild/2003">
  <ItemGroup>
    <ClCompile Include="E:\study\CSC8508\CSC8503\CSC8503\CMakeFiles\CSC8503.dir\cmake_pch.cxx">
      <Filter>Source Files</Filter>
    </ClCompile>
    <ClCompile Include="E:\study\CSC8508\CSC8503\Bullet.cpp">
      <Filter>Source Files</Filter>
    </ClCompile>
    <ClCompile Include="E:\study\CSC8508\CSC8503\Bonus.cpp">
      <Filter>Source Files</Filter>
    </ClCompile>
    <ClCompile Include="E:\study\CSC8508\CSC8503\EnemyObject.cpp">
      <Filter>Source Files</Filter>
    </ClCompile>
    <ClCompile Include="E:\study\CSC8508\CSC8503\Main.cpp">
      <Filter>Source Files</Filter>
    </ClCompile>
    <ClCompile Include="E:\study\CSC8508\CSC8503\Maze.cpp">
      <Filter>Source Files</Filter>
    </ClCompile>
    <ClCompile Include="E:\study\CSC8508\CSC8503\NetworkedGame.cpp">
      <Filter>Source Files</Filter>
    </ClCompile>
    <ClCompile Include="E:\study\CSC8508\CSC8503\NetworkPlayer.cpp">
      <Filter>Source Files</Filter>
    </ClCompile>
    <ClCompile Include="E:\study\CSC8508\CSC8503\NPCObject.cpp">
      <Filter>Source Files</Filter>
    </ClCompile>
    <ClCompile Include="E:\study\CSC8508\CSC8503\PlayerObject.cpp">
      <Filter>Source Files</Filter>
    </ClCompile>
    <ClCompile Include="E:\study\CSC8508\CSC8503\StateGameObject.cpp">
      <Filter>Source Files</Filter>
    </ClCompile>
    <ClCompile Include="E:\study\CSC8508\CSC8503\TutorialGame.cpp">
      <Filter>Source Files</Filter>
    </ClCompile>
    <ClCompile Include="E:\study\CSC8508\CSC8503\DebugViewPoint.cpp">
      <Filter>Source Files</Filter>
    </ClCompile>
    <ClCompile Include="E:\study\CSC8508\CSC8503\dr_wav_impl.cpp">
      <Filter>Audio Files</Filter>
    </ClCompile>
    <ClCompile Include="E:\study\CSC8508\CSC8503\SoundErrorReport.cpp">
      <Filter>Audio Files</Filter>
    </ClCompile>
    <ClCompile Include="E:\study\CSC8508\CSC8503\SoundSystem.cpp">
      <Filter>Audio Files</Filter>
    </ClCompile>
    <ClCompile Include="E:\study\CSC8508\CSC8503\Sound.cpp">
      <Filter>Audio Files</Filter>
    </ClCompile>
    <ClCompile Include="E:\study\CSC8508\CSC8503\SoundObject.cpp">
      <Filter>Audio Files</Filter>
    </ClCompile>
    <ClCompile Include="E:\study\CSC8508\CSC8503\SoundManager.cpp">
      <Filter>Audio Files</Filter>
    </ClCompile>
    <ClCompile Include="E:\study\CSC8508\CSC8503\SoundSource.cpp">
      <Filter>Audio Files</Filter>
    </ClCompile>
    <ClCompile Include="E:\study\CSC8508\CSC8503\SoundDevice.cpp">
      <Filter>Audio Files</Filter>
    </ClCompile>
    <ClCompile Include="E:\study\CSC8508\CSC8503\TestAudio.cpp">
      <Filter>Audio Files</Filter>
    </ClCompile>
    <ClCompile Include="E:\study\CSC8508\CSC8503\GameTechRenderer.cpp">
      <Filter>Rendering</Filter>
    </ClCompile>
    <ClCompile Include="E:\study\CSC8508\CSC8503\SkyboxRPass.cpp">
      <Filter>Rendering</Filter>
    </ClCompile>
    <ClCompile Include="E:\study\CSC8508\CSC8503\ModelRPass.cpp">
      <Filter>Rendering</Filter>
    </ClCompile>
    <ClCompile Include="E:\study\CSC8508\CSC8503\LightingRPass.cpp">
      <Filter>Rendering</Filter>
    </ClCompile>
    <ClCompile Include="E:\study\CSC8508\CSC8503\CombineRPass.cpp">
      <Filter>Rendering</Filter>
    </ClCompile>
    <ClCompile Include="E:\study\CSC8508\CSC8503\BloomRPass.cpp">
      <Filter>Rendering</Filter>
    </ClCompile>
    <ClCompile Include="E:\study\CSC8508\CSC8503\HDRRPass.cpp">
      <Filter>Rendering</Filter>
    </ClCompile>
    <ClCompile Include="E:\study\CSC8508\CSC8503\PresentRPass.cpp">
      <Filter>Rendering</Filter>
    </ClCompile>
    <ClCompile Include="E:\study\CSC8508\CSC8503\DebugRPass.cpp">
      <Filter>Rendering</Filter>
    </ClCompile>
    <ClCompile Include="E:\study\CSC8508\CSC8503\MenuRPass.cpp">
      <Filter>Rendering</Filter>
    </ClCompile>
    <ClCompile Include="E:\study\CSC8508\CSC8503\PauseRPass.cpp">
      <Filter>Rendering</Filter>
    </ClCompile>
    <ClCompile Include="E:\study\CSC8508\CSC8503\Button.cpp">
      <Filter>Rendering</Filter>
    </ClCompile>
  </ItemGroup>
  <ItemGroup>
    <ClInclude Include="E:\study\CSC8508\CSC8503\Bullet.h">
      <Filter>Header Files</Filter>
    </ClInclude>
    <ClInclude Include="E:\study\CSC8508\CSC8503\Bonus.h">
      <Filter>Header Files</Filter>
    </ClInclude>
    <ClInclude Include="E:\study\CSC8508\CSC8503\EnemyObject.h">
      <Filter>Header Files</Filter>
    </ClInclude>
    <ClInclude Include="E:\study\CSC8508\CSC8503\Maze.h">
      <Filter>Header Files</Filter>
    </ClInclude>
    <ClInclude Include="E:\study\CSC8508\CSC8503\NetworkedGame.h">
      <Filter>Header Files</Filter>
    </ClInclude>
    <ClInclude Include="E:\study\CSC8508\CSC8503\NetworkPlayer.h">
      <Filter>Header Files</Filter>
    </ClInclude>
    <ClInclude Include="E:\study\CSC8508\CSC8503\NPCObject.h">
      <Filter>Header Files</Filter>
    </ClInclude>
    <ClInclude Include="E:\study\CSC8508\CSC8503\PlayerObject.h">
      <Filter>Header Files</Filter>
    </ClInclude>
    <ClInclude Include="E:\study\CSC8508\CSC8503\StateGameObject.h">
      <Filter>Header Files</Filter>
    </ClInclude>
    <ClInclude Include="E:\study\CSC8508\CSC8503\TutorialGame.h">
      <Filter>Header Files</Filter>
    </ClInclude>
    <ClInclude Include="E:\study\CSC8508\CSC8503\DebugViewPoint.h">
      <Filter>Header Files</Filter>
    </ClInclude>
    <ClInclude Include="E:\study\CSC8508\CSC8503\Boss.h">
      <Filter>Header Files</Filter>
    </ClInclude>
    <ClInclude Include="E:\study\CSC8508\CSC8503\GameGrid.h">
      <Filter>Header Files</Filter>
    </ClInclude>
    <ClInclude Include="E:\study\CSC8508\CSC8503\SoundErrorReport.h">
      <Filter>Audio Files</Filter>
    </ClInclude>
    <ClInclude Include="E:\study\CSC8508\CSC8503\SoundSystem.h">
      <Filter>Audio Files</Filter>
    </ClInclude>
    <ClInclude Include="E:\study\CSC8508\CSC8503\Sound.h">
      <Filter>Audio Files</Filter>
    </ClInclude>
    <ClInclude Include="E:\study\CSC8508\CSC8503\SoundObject.h">
      <Filter>Audio Files</Filter>
    </ClInclude>
    <ClInclude Include="E:\study\CSC8508\CSC8503\SoundManager.h">
      <Filter>Audio Files</Filter>
    </ClInclude>
    <ClInclude Include="E:\study\CSC8508\CSC8503\SoundSource.h">
      <Filter>Audio Files</Filter>
    </ClInclude>
    <ClInclude Include="E:\study\CSC8508\CSC8503\SoundDevice.h">
      <Filter>Audio Files</Filter>
    </ClInclude>
    <ClInclude Include="E:\study\CSC8508\CSC8503\TestAudio.h">
      <Filter>Audio Files</Filter>
    </ClInclude>
    <ClInclude Include="E:\study\CSC8508\CSC8503\GameTechRenderer.h">
      <Filter>Rendering</Filter>
    </ClInclude>
    <ClInclude Include="E:\study\CSC8508\CSC8503\SkyboxRPass.h">
      <Filter>Rendering</Filter>
    </ClInclude>
    <ClInclude Include="E:\study\CSC8508\CSC8503\ModelRPass.h">
      <Filter>Rendering</Filter>
    </ClInclude>
    <ClInclude Include="E:\study\CSC8508\CSC8503\LightingRPass.h">
      <Filter>Rendering</Filter>
    </ClInclude>
    <ClInclude Include="E:\study\CSC8508\CSC8503\CombineRPass.h">
      <Filter>Rendering</Filter>
    </ClInclude>
    <ClInclude Include="E:\study\CSC8508\CSC8503\BloomRPass.h">
      <Filter>Rendering</Filter>
    </ClInclude>
    <ClInclude Include="E:\study\CSC8508\CSC8503\HDRRPass.h">
      <Filter>Rendering</Filter>
    </ClInclude>
    <ClInclude Include="E:\study\CSC8508\CSC8503\PresentRPass.h">
      <Filter>Rendering</Filter>
    </ClInclude>
    <ClInclude Include="E:\study\CSC8508\CSC8503\DebugRPass.h">
      <Filter>Rendering</Filter>
    </ClInclude>
    <ClInclude Include="E:\study\CSC8508\CSC8503\MenuRPass.h">
      <Filter>Rendering</Filter>
    </ClInclude>
    <ClInclude Include="E:\study\CSC8508\CSC8503\PauseRPass.h">
      <Filter>Rendering</Filter>
    </ClInclude>
    <ClInclude Include="E:\study\CSC8508\CSC8503\Button.h">
      <Filter>Rendering</Filter>
    </ClInclude>
    <ClInclude Include="E:\study\CSC8508\CSC8503\CSC8503\CMakeFiles\CSC8503.dir\Debug\cmake_pch.hxx">
      <Filter>Precompile Header File</Filter>
    </ClInclude>
    <ClInclude Include="E:\study\CSC8508\CSC8503\CSC8503\CMakeFiles\CSC8503.dir\Release\cmake_pch.hxx">
      <Filter>Precompile Header File</Filter>
    </ClInclude>
  </ItemGroup>
  <ItemGroup>
    <CustomBuild Include="E:\study\CSC8508\CSC8503\CMakeLists.txt" />
  </ItemGroup>
  <ItemGroup>
    <Filter Include="Audio Files">
      <UniqueIdentifier>{EF279349-6590-3C86-ADF8-6260580A5E19}</UniqueIdentifier>
    </Filter>
    <Filter Include="Header Files">
      <UniqueIdentifier>{263BA810-71A5-3FBD-9EB1-6EC07DA44DF6}</UniqueIdentifier>
    </Filter>
    <Filter Include="Precompile Header File">
      <UniqueIdentifier>{477715A2-B4D3-3C81-A514-84B61C8F7A8E}</UniqueIdentifier>
    </Filter>
    <Filter Include="Rendering">
      <UniqueIdentifier>{C88554D6-E22C-32A7-8758-AC241B61A74A}</UniqueIdentifier>
    </Filter>
    <Filter Include="Source Files">
      <UniqueIdentifier>{8EB7A974-15AF-353B-A5F3-7BE1965E564D}</UniqueIdentifier>
    </Filter>
  </ItemGroup>
</Project>
